Microsoft Visual Studio Solution File, Format Version 12.00
# Visual Studio Version 17
VisualStudioVersion = 17.12.35323.107
MinimumVisualStudioVersion = 10.0.40219.1
Project("{FAE04EC0-301F-11D3-BF4B-00C04F79EFBC}") = "Aigamo.Arisama", "Aigamo.Arisama\Aigamo.Arisama.csproj", "{0844FD76-A061-4984-A581-65D1A5B37736}"
EndProject
Project("{2150E333-8FDC-42A3-9474-1A3956D46DE8}") = "Samples", "Samples", "{A8FED835-81FC-4F66-960D-BEC31B4E2D2B}"
EndProject
Project("{FAE04EC0-301F-11D3-BF4B-00C04F79EFBC}") = "VendingMachine", "Samples\VendingMachine\VendingMachine.csproj", "{E94949E6-924F-49CA-85AD-2FB0EB68D872}"
EndProject
Project("{FAE04EC0-301F-11D3-BF4B-00C04F79EFBC}") = "Alarm", "Samples\Alarm\Alarm.csproj", "{50CD14EF-6E4F-4AA1-8732-6648B67BC9FB}"
EndProject
Project("{FAE04EC0-301F-11D3-BF4B-00C04F79EFBC}") = "Json", "Samples\Json\Json.csproj", "{580616F6-7582-4285-8A91-3394038457B8}"
EndProject
Project("{2150E333-8FDC-42A3-9474-1A3956D46DE8}") = "Experimental", "Experimental", "{02EA681E-C7D8-13C7-8484-4AC65E1B71E8}"
EndProject
Project("{2150E333-8FDC-42A3-9474-1A3956D46DE8}") = "WebApp", "WebApp", "{3B4F273D-F7D3-44DA-BC71-7E3E1AD16390}"
EndProject
Project("{FAE04EC0-301F-11D3-BF4B-00C04F79EFBC}") = "WebApp.AppHost", "Experimental\WebApp\WebApp.AppHost\WebApp.AppHost.csproj", "{5DA2E7B5-1F0C-42C6-B7BD-E52D634DB1B5}"
EndProject
Project("{FAE04EC0-301F-11D3-BF4B-00C04F79EFBC}") = "WebApp.ServiceDefaults", "Experimental\WebApp\WebApp.ServiceDefaults\WebApp.ServiceDefaults.csproj", "{7EB2DE9A-6CDD-898E-A702-5D4EC8A3CF75}"
EndProject
Project("{FAE04EC0-301F-11D3-BF4B-00C04F79EFBC}") = "WebApp", "Experimental\WebApp\WebApp\WebApp.csproj", "{9CF54E6C-59C1-B09E-4171-3D28FF331549}"
EndProject
Global
	GlobalSection(SolutionConfigurationPlatforms) = preSolution
		Debug|Any CPU = Debug|Any CPU
		Release|Any CPU = Release|Any CPU
	EndGlobalSection
	GlobalSection(ProjectConfigurationPlatforms) = postSolution
		{0844FD76-A061-4984-A581-65D1A5B37736}.Debug|Any CPU.ActiveCfg = Debug|Any CPU
		{0844FD76-A061-4984-A581-65D1A5B37736}.Debug|Any CPU.Build.0 = Debug|Any CPU
		{0844FD76-A061-4984-A581-65D1A5B37736}.Release|Any CPU.ActiveCfg = Release|Any CPU
		{0844FD76-A061-4984-A581-65D1A5B37736}.Release|Any CPU.Build.0 = Release|Any CPU
		{E94949E6-924F-49CA-85AD-2FB0EB68D872}.Debug|Any CPU.ActiveCfg = Debug|Any CPU
		{E94949E6-924F-49CA-85AD-2FB0EB68D872}.Debug|Any CPU.Build.0 = Debug|Any CPU
		{E94949E6-924F-49CA-85AD-2FB0EB68D872}.Release|Any CPU.ActiveCfg = Release|Any CPU
		{E94949E6-924F-49CA-85AD-2FB0EB68D872}.Release|Any CPU.Build.0 = Release|Any CPU
		{50CD14EF-6E4F-4AA1-8732-6648B67BC9FB}.Debug|Any CPU.ActiveCfg = Debug|Any CPU
		{50CD14EF-6E4F-4AA1-8732-6648B67BC9FB}.Debug|Any CPU.Build.0 = Debug|Any CPU
		{50CD14EF-6E4F-4AA1-8732-6648B67BC9FB}.Release|Any CPU.ActiveCfg = Release|Any CPU
		{50CD14EF-6E4F-4AA1-8732-6648B67BC9FB}.Release|Any CPU.Build.0 = Release|Any CPU
		{580616F6-7582-4285-8A91-3394038457B8}.Debug|Any CPU.ActiveCfg = Debug|Any CPU
		{580616F6-7582-4285-8A91-3394038457B8}.Debug|Any CPU.Build.0 = Debug|Any CPU
		{580616F6-7582-4285-8A91-3394038457B8}.Release|Any CPU.ActiveCfg = Release|Any CPU
		{580616F6-7582-4285-8A91-3394038457B8}.Release|Any CPU.Build.0 = Release|Any CPU
		{5DA2E7B5-1F0C-42C6-B7BD-E52D634DB1B5}.Debug|Any CPU.ActiveCfg = Debug|Any CPU
		{5DA2E7B5-1F0C-42C6-B7BD-E52D634DB1B5}.Debug|Any CPU.Build.0 = Debug|Any CPU
		{5DA2E7B5-1F0C-42C6-B7BD-E52D634DB1B5}.Release|Any CPU.ActiveCfg = Release|Any CPU
		{5DA2E7B5-1F0C-42C6-B7BD-E52D634DB1B5}.Release|Any CPU.Build.0 = Release|Any CPU
		{7EB2DE9A-6CDD-898E-A702-5D4EC8A3CF75}.Debug|Any CPU.ActiveCfg = Debug|Any CPU
		{7EB2DE9A-6CDD-898E-A702-5D4EC8A3CF75}.Debug|Any CPU.Build.0 = Debug|Any CPU
		{7EB2DE9A-6CDD-898E-A702-5D4EC8A3CF75}.Release|Any CPU.ActiveCfg = Release|Any CPU
		{7EB2DE9A-6CDD-898E-A702-5D4EC8A3CF75}.Release|Any CPU.Build.0 = Release|Any CPU
		{9CF54E6C-59C1-B09E-4171-3D28FF331549}.Debug|Any CPU.ActiveCfg = Debug|Any CPU
		{9CF54E6C-59C1-B09E-4171-3D28FF331549}.Debug|Any CPU.Build.0 = Debug|Any CPU
		{9CF54E6C-59C1-B09E-4171-3D28FF331549}.Release|Any CPU.ActiveCfg = Release|Any CPU
		{9CF54E6C-59C1-B09E-4171-3D28FF331549}.Release|Any CPU.Build.0 = Release|Any CPU
	EndGlobalSection
	GlobalSection(SolutionProperties) = preSolution
		HideSolutionNode = FALSE
	EndGlobalSection
	GlobalSection(NestedProjects) = preSolution
		{E94949E6-924F-49CA-85AD-2FB0EB68D872} = {A8FED835-81FC-4F66-960D-BEC31B4E2D2B}
		{50CD14EF-6E4F-4AA1-8732-6648B67BC9FB} = {A8FED835-81FC-4F66-960D-BEC31B4E2D2B}
		{580616F6-7582-4285-8A91-3394038457B8} = {A8FED835-81FC-4F66-960D-BEC31B4E2D2B}
		{3B4F273D-F7D3-44DA-BC71-7E3E1AD16390} = {02EA681E-C7D8-13C7-8484-4AC65E1B71E8}
		{5DA2E7B5-1F0C-42C6-B7BD-E52D634DB1B5} = {3B4F273D-F7D3-44DA-BC71-7E3E1AD16390}
		{7EB2DE9A-6CDD-898E-A702-5D4EC8A3CF75} = {3B4F273D-F7D3-44DA-BC71-7E3E1AD16390}
		{9CF54E6C-59C1-B09E-4171-3D28FF331549} = {3B4F273D-F7D3-44DA-BC71-7E3E1AD16390}
	EndGlobalSection
	GlobalSection(ExtensibilityGlobals) = postSolution
		SolutionGuid = {03FD678C-6DEC-45F9-B4AC-510A5614710E}
	EndGlobalSection
EndGlobal
